
Microsoft Visual Studio Solution File, Format Version 12.00
# Visual Studio Version 17
VisualStudioVersion = 17.13.35507.96 d17.13
MinimumVisualStudioVersion = 10.0.40219.1
Project("{FAE04EC0-301F-11D3-BF4B-00C04F79EFBC}") = "NetSat2025PnApp", "NetSat2025PnApp\NetSat2025PnApp.csproj", "{D355762C-0970-47C8-8F62-F280535E557F}"
EndProject
Project("{FAE04EC0-301F-11D3-BF4B-00C04F79EFBC}") = "NetSat2025PnApp.Client", "NetSat2025PnApp.Client\NetSat2025PnApp.Client.csproj", "{71FAD805-D699-4248-862D-9F6E7A71A12C}"
EndProject
Global
	GlobalSection(SolutionConfigurationPlatforms) = preSolution
		Debug|Any CPU = Debug|Any CPU
		Release|Any CPU = Release|Any CPU
	EndGlobalSection
	GlobalSection(ProjectConfigurationPlatforms) = postSolution
		{D355762C-0970-47C8-8F62-F280535E557F}.Debug|Any CPU.ActiveCfg = Debug|Any CPU
		{D355762C-0970-47C8-8F62-F280535E557F}.Debug|Any CPU.Build.0 = Debug|Any CPU
		{D355762C-0970-47C8-8F62-F280535E557F}.Release|Any CPU.ActiveCfg = Release|Any CPU
		{D355762C-0970-47C8-8F62-F280535E557F}.Release|Any CPU.Build.0 = Release|Any CPU
		{71FAD805-D699-4248-862D-9F6E7A71A12C}.Debug|Any CPU.ActiveCfg = Debug|Any CPU
		{71FAD805-D699-4248-862D-9F6E7A71A12C}.Debug|Any CPU.Build.0 = Debug|Any CPU
		{71FAD805-D699-4248-862D-9F6E7A71A12C}.Release|Any CPU.ActiveCfg = Release|Any CPU
		{71FAD805-D699-4248-862D-9F6E7A71A12C}.Release|Any CPU.Build.0 = Release|Any CPU
	EndGlobalSection
	GlobalSection(SolutionProperties) = preSolution
		HideSolutionNode = FALSE
	EndGlobalSection
	GlobalSection(ExtensibilityGlobals) = postSolution
		SolutionGuid = {08DEEAA3-D3F5-4E53-AEBB-167E9DF27565}
	EndGlobalSection
EndGlobal
